
Microsoft Visual Studio Solution File, Format Version 12.00
# Visual Studio Version 17
VisualStudioVersion = 17.13.35806.99 d17.13
MinimumVisualStudioVersion = 10.0.40219.1
Project("{FAE04EC0-301F-11D3-BF4B-00C04F79EFBC}") = "WpfApp1", "WpfApp1\WpfApp1.csproj", "{C8568556-7334-4264-B260-33E5D884AB16}"
EndProject
Global
	GlobalSection(SolutionConfigurationPlatforms) = preSolution
		Debug|Any CPU = Debug|Any CPU
		Release|Any CPU = Release|Any CPU
	EndGlobalSection
	GlobalSection(ProjectConfigurationPlatforms) = postSolution
		{C8568556-7334-4264-B260-33E5D884AB16}.Debug|Any CPU.ActiveCfg = Debug|Any CPU
		{C8568556-7334-4264-B260-33E5D884AB16}.Debug|Any CPU.Build.0 = Debug|Any CPU
		{C8568556-7334-4264-B260-33E5D884AB16}.Release|Any CPU.ActiveCfg = Release|Any CPU
		{C8568556-7334-4264-B260-33E5D884AB16}.Release|Any CPU.Build.0 = Release|Any CPU
	EndGlobalSection
	GlobalSection(SolutionProperties) = preSolution
		HideSolutionNode = FALSE
	EndGlobalSection
	GlobalSection(ExtensibilityGlobals) = postSolution
		SolutionGuid = {054E4510-86BA-4BA4-B740-1B7478D18613}
	EndGlobalSection
EndGlobal
